
Microsoft Visual Studio Solution File, Format Version 12.00
# Visual Studio Version 16
VisualStudioVersion = 16.0.31613.86
MinimumVisualStudioVersion = 10.0.40219.1
Project("{FAE04EC0-301F-11D3-BF4B-00C04F79EFBC}") = "DIPLOM_SAV", "DIPLOM_SAV\DIPLOM_SAV.csproj", "{1D346F35-6489-493E-AAB0-589F8FFC2D47}"
EndProject
Project("{FAE04EC0-301F-11D3-BF4B-00C04F79EFBC}") = "Server_games", "Server_games\Server_games.csproj", "{D044C559-67CF-4759-B71D-CEA63BE304B4}"
EndProject
Global
	GlobalSection(SolutionConfigurationPlatforms) = preSolution
		Debug|Any CPU = Debug|Any CPU
		Release|Any CPU = Release|Any CPU
	EndGlobalSection
	GlobalSection(ProjectConfigurationPlatforms) = postSolution
		{1D346F35-6489-493E-AAB0-589F8FFC2D47}.Debug|Any CPU.ActiveCfg = Debug|Any CPU
		{1D346F35-6489-493E-AAB0-589F8FFC2D47}.Debug|Any CPU.Build.0 = Debug|Any CPU
		{1D346F35-6489-493E-AAB0-589F8FFC2D47}.Release|Any CPU.ActiveCfg = Release|Any CPU
		{1D346F35-6489-493E-AAB0-589F8FFC2D47}.Release|Any CPU.Build.0 = Release|Any CPU
		{D044C559-67CF-4759-B71D-CEA63BE304B4}.Debug|Any CPU.ActiveCfg = Debug|Any CPU
		{D044C559-67CF-4759-B71D-CEA63BE304B4}.Debug|Any CPU.Build.0 = Debug|Any CPU
		{D044C559-67CF-4759-B71D-CEA63BE304B4}.Release|Any CPU.ActiveCfg = Release|Any CPU
		{D044C559-67CF-4759-B71D-CEA63BE304B4}.Release|Any CPU.Build.0 = Release|Any CPU
	EndGlobalSection
	GlobalSection(SolutionProperties) = preSolution
		HideSolutionNode = FALSE
	EndGlobalSection
	GlobalSection(ExtensibilityGlobals) = postSolution
		SolutionGuid = {462825FB-3C03-4675-8D30-47D4820E6C8A}
	EndGlobalSection
EndGlobal
